
Microsoft Visual Studio Solution File, Format Version 12.00
# Visual Studio Version 16
VisualStudioVersion = 16.0.30907.101
MinimumVisualStudioVersion = 10.0.40219.1
Project("{9A19103F-16F7-4668-BE54-9A1E7A4F7556}") = "Contato.API", "Contato.API\Contato.API.csproj", "{ACFF96CD-6AEC-4FAD-95B1-11110DF2D870}"
EndProject
Project("{9A19103F-16F7-4668-BE54-9A1E7A4F7556}") = "Contato.DataAccess", "..\Contato.AcessodeDados\Contato.DataAccess.csproj", "{BA31869D-0C87-4F47-809B-797EEA3291A9}"
EndProject
Global
	GlobalSection(SolutionConfigurationPlatforms) = preSolution
		Debug|Any CPU = Debug|Any CPU
		Release|Any CPU = Release|Any CPU
	EndGlobalSection
	GlobalSection(ProjectConfigurationPlatforms) = postSolution
		{ACFF96CD-6AEC-4FAD-95B1-11110DF2D870}.Debug|Any CPU.ActiveCfg = Debug|Any CPU
		{ACFF96CD-6AEC-4FAD-95B1-11110DF2D870}.Debug|Any CPU.Build.0 = Debug|Any CPU
		{ACFF96CD-6AEC-4FAD-95B1-11110DF2D870}.Release|Any CPU.ActiveCfg = Release|Any CPU
		{ACFF96CD-6AEC-4FAD-95B1-11110DF2D870}.Release|Any CPU.Build.0 = Release|Any CPU
		{BA31869D-0C87-4F47-809B-797EEA3291A9}.Debug|Any CPU.ActiveCfg = Debug|Any CPU
		{BA31869D-0C87-4F47-809B-797EEA3291A9}.Debug|Any CPU.Build.0 = Debug|Any CPU
		{BA31869D-0C87-4F47-809B-797EEA3291A9}.Release|Any CPU.ActiveCfg = Release|Any CPU
		{BA31869D-0C87-4F47-809B-797EEA3291A9}.Release|Any CPU.Build.0 = Release|Any CPU
	EndGlobalSection
	GlobalSection(SolutionProperties) = preSolution
		HideSolutionNode = FALSE
	EndGlobalSection
	GlobalSection(ExtensibilityGlobals) = postSolution
		SolutionGuid = {6384F287-A33E-41B6-9B92-2438574AE321}
	EndGlobalSection
EndGlobal
